# This file is autogenerated, do not edit; changes may be undone by the next 'dep ensure'.


[[projects]]
  digest = "1:2f8be25abd6bdd80bf1ae9217643f33cfd893320f20ffe8ec31eb53b40475497"
  name = "cloud.google.com/go"
  packages = [
    ".",
    "compute/metadata",
    "iam",
    "internal",
    "internal/optional",
    "internal/trace",
    "internal/version",
    "storage",
  ]
  pruneopts = "UT"
  revision = "cfe8f6d1fe6976d03af790d7a8b9bf6aa73287bd"
  version = "v0.47.0"

[[projects]]
  digest = "1:9f3b30d9f8e0d7040f729b82dcbc8f0dead820a133b3147ce355fc451f32d761"
  name = "github.com/BurntSushi/toml"
  packages = ["."]
  pruneopts = "UT"
  revision = "3012a1dbe2e4bd1391d42b32f0577cb7bbc7f005"
  version = "v0.3.1"

[[projects]]
  branch = "update-field"
  digest = "1:1a074dd4ea7a142a33e26ed4760fe26bcf9748330272952292a0cfceb17f8e9e"
  name = "github.com/Cox-Automotive/alks-go"
  packages = ["."]
  pruneopts = "UT"
  revision = "0eb177710ad52d6893e230e117f00bece8332369"

[[projects]]
  digest = "1:90afd0cfdffcc3df7855160ee2954cbca286e23c4eb9cb3d075536c9e4e1b04f"
  name = "github.com/agext/levenshtein"
  packages = ["."]
  pruneopts = "UT"
  revision = "0ded9c86537917af2ff89bc9c78de6bd58477894"
  version = "v1.2.2"

[[projects]]
  digest = "1:aef9339f69dda1ca77fdb2fd83cf64c3f5087c1f00f69719eaa14679f5321512"
  name = "github.com/apparentlymart/go-cidr"
  packages = ["cidr"]
  pruneopts = "UT"
  revision = "c0fb5fbe0acb592411e2db59add389a43260ad44"
  version = "v1.0.1"

[[projects]]
  digest = "1:2bf7da77216264bb61bd8cb5f3380a03ab509e8a826fe359008d4a6ba0789b13"
  name = "github.com/apparentlymart/go-textseg"
  packages = ["textseg"]
  pruneopts = "UT"
  revision = "fb01f485ebef760e5ee06d55e1b07534dda2d295"
  version = "v1.0.0"

[[projects]]
  digest = "1:c47f4964978e211c6e566596ec6246c329912ea92e9bb99c00798bb4564c5b09"
  name = "github.com/armon/go-radix"
  packages = ["."]
  pruneopts = "UT"
  revision = "1a2de0c21c94309923825da3df33a4381872c795"
  version = "v1.0.0"

[[projects]]
  branch = "master"
  digest = "1:2e2f103d5fa2d4c1ae45ed5facfdc76562bff68f5b17e04db6ac5c02b3dab92e"
  name = "github.com/aws/aws-sdk-go"
  packages = [
    "aws",
    "aws/awserr",
    "aws/awsutil",
    "aws/client",
    "aws/client/metadata",
    "aws/corehandlers",
    "aws/credentials",
    "aws/credentials/ec2rolecreds",
    "aws/credentials/endpointcreds",
    "aws/credentials/processcreds",
    "aws/credentials/stscreds",
    "aws/csm",
    "aws/defaults",
    "aws/ec2metadata",
    "aws/endpoints",
    "aws/request",
    "aws/session",
    "aws/signer/v4",
    "internal/ini",
    "internal/s3err",
    "internal/sdkio",
    "internal/sdkmath",
    "internal/sdkrand",
    "internal/sdkuri",
    "internal/shareddefaults",
    "private/protocol",
    "private/protocol/eventstream",
    "private/protocol/eventstream/eventstreamapi",
    "private/protocol/json/jsonutil",
    "private/protocol/query",
    "private/protocol/query/queryutil",
    "private/protocol/rest",
    "private/protocol/restxml",
    "private/protocol/xml/xmlutil",
    "service/s3",
    "service/sts",
    "service/sts/stsiface",
  ]
  pruneopts = "UT"
  revision = "347f2e3a723341ea65dcd2ab12ab937d5dd4a7d6"

[[projects]]
  branch = "master"
  digest = "1:37011b20a70e205b93ebea5287e1afa5618db54bf3998c36ff5a8e4b146a170a"
  name = "github.com/bgentry/go-netrc"
  packages = ["netrc"]
  pruneopts = "UT"
  revision = "9fd32a8b3d3d3f9d43c341bfe098430e07609480"

[[projects]]
  digest = "1:1343a2963481a305ca4d051e84bc2abd16b601ee22ed324f8d605de1adb291b0"
  name = "github.com/bgentry/speakeasy"
  packages = ["."]
  pruneopts = "UT"
  revision = "4aabc24848ce5fd31929f7d1e4ea74d3709c14cd"
  version = "v0.1.0"

[[projects]]
  digest = "1:b6d886569181ec96ca83d529f4d6ba0cbf92ace7bb6f633f90c5f34d9bba7aab"
  name = "github.com/blang/semver"
  packages = ["."]
  pruneopts = "UT"
  revision = "ba2c2ddd89069b46a7011d4106f6868f17ee1705"
  version = "v3.6.1"

[[projects]]
  digest = "1:f69f3dd5ddb194ab787d0fd8e3ac382576d4f80c36584b70713656d5c72fca70"
  name = "github.com/bmatcuk/doublestar"
  packages = ["."]
  pruneopts = "UT"
  revision = "2437321e1473408f122a95f65df3d8841fec4fba"
  version = "v1.1.5"

[[projects]]
  digest = "1:ffe9824d294da03b391f44e1ae8281281b4afc1bdaa9588c9097785e3af10cec"
  name = "github.com/davecgh/go-spew"
  packages = ["spew"]
  pruneopts = "UT"
  revision = "8991bc29aa16c548c550c7ff78260e27b9ab7c73"
  version = "v1.1.1"

[[projects]]
  digest = "1:865079840386857c809b72ce300be7580cb50d3d3129ce11bf9aa6ca2bc1934a"
  name = "github.com/fatih/color"
  packages = ["."]
  pruneopts = "UT"
  revision = "5b77d2a35fb0ede96d138fc9a99f5c9b6aef11b4"
  version = "v1.7.0"

[[projects]]
  branch = "master"
  digest = "1:b7cb6054d3dff43b38ad2e92492f220f57ae6087ee797dca298139776749ace8"
  name = "github.com/golang/groupcache"
  packages = ["lru"]
  pruneopts = "UT"
  revision = "404acd9df4cc9859d64fb9eed42e5c026187287a"

[[projects]]
  digest = "1:15b834d22254d28e02f4a591ff89427a1045e597b3832660cb1776546e3523b3"
  name = "github.com/golang/protobuf"
  packages = [
    "proto",
    "protoc-gen-go",
    "protoc-gen-go/descriptor",
    "protoc-gen-go/generator",
    "protoc-gen-go/generator/internal/remap",
    "protoc-gen-go/grpc",
    "protoc-gen-go/plugin",
    "ptypes",
    "ptypes/any",
    "ptypes/duration",
    "ptypes/timestamp",
  ]
  pruneopts = "UT"
  revision = "6c65a5562fc06764971b7c5d05c76c75e84bdbf7"
  version = "v1.3.2"

[[projects]]
  digest = "1:1d1cbf539d9ac35eb3148129f96be5537f1a1330cadcc7e3a83b4e72a59672a3"
  name = "github.com/google/go-cmp"
  packages = [
    "cmp",
    "cmp/internal/diff",
    "cmp/internal/flags",
    "cmp/internal/function",
    "cmp/internal/value",
  ]
  pruneopts = "UT"
  revision = "2d0692c2e9617365a95b295612ac0d4415ba4627"
  version = "v0.3.1"

[[projects]]
  digest = "1:582b704bebaa06b48c29b0cec224a6058a09c86883aaddabde889cd1a5f73e1b"
  name = "github.com/google/uuid"
  packages = ["."]
  pruneopts = "UT"
  revision = "0cd6bf5da1e1c83f8b45653022c74f71af0538a4"
  version = "v1.1.1"

[[projects]]
  digest = "1:766102087520f9d54f2acc72bd6637045900ac735b4a419b128d216f0c5c4876"
  name = "github.com/googleapis/gax-go"
  packages = ["v2"]
  pruneopts = "UT"
  revision = "bd5b16380fd03dc758d11cef74ba2e3bc8b0e8c2"
  version = "v2.0.5"

[[projects]]
  digest = "1:0ade334594e69404d80d9d323445d2297ff8161637f9b2d347cc6973d2d6f05b"
  name = "github.com/hashicorp/errwrap"
  packages = ["."]
  pruneopts = "UT"
  revision = "8a6fb523712970c966eefc6b39ed2c5e74880354"
  version = "v1.0.0"

[[projects]]
  digest = "1:af105c7c5dc0b4ae41991f122cae860b9600f7d226072c2a83127048c991660c"
  name = "github.com/hashicorp/go-cleanhttp"
  packages = ["."]
  pruneopts = "UT"
  revision = "eda1e5db218aad1db63ca4642c8906b26bcf2744"
  version = "v0.5.1"

[[projects]]
  digest = "1:7036b7ab529927196386e782936629ab346d1000a6c79617158ce4c9806e6b2c"
  name = "github.com/hashicorp/go-getter"
  packages = [
    ".",
    "helper/url",
  ]
  pruneopts = "UT"
  revision = "7009632e33a298df49bd8e29c49d8303c7aa8735"
  version = "v1.4.0"

[[projects]]
  digest = "1:cf6b61e1b4c26b0c7526cee4a0cee6d8302b17798af4b2a56a90eedac0aef11a"
  name = "github.com/hashicorp/go-hclog"
  packages = ["."]
  pruneopts = "UT"
  revision = "5ccdce08c75b6c7b37af61159f13f6a4f5e2e928"
  version = "v0.9.2"

[[projects]]
  digest = "1:f668349b83f7d779567c880550534addeca7ebadfdcf44b0b9c39be61864b4b7"
  name = "github.com/hashicorp/go-multierror"
  packages = ["."]
  pruneopts = "UT"
  revision = "886a7fbe3eb1c874d46f623bfa70af45f425b3d1"
  version = "v1.0.0"

[[projects]]
  digest = "1:5d8ebc1cb15676990b1cb8b969b86de8549b21a3729bd2cf11754211e1919131"
  name = "github.com/hashicorp/go-plugin"
  packages = [
    ".",
    "internal/plugin",
  ]
  pruneopts = "UT"
  revision = "9e3e1c37db188a1acb66561ee0ed4bf4d5e77554"
  version = "v1.0.1"

[[projects]]
  digest = "1:605c47454db9040e30b20dc1b29e3e9d42d6ee742545729cdef74afb1b898ad0"
  name = "github.com/hashicorp/go-safetemp"
  packages = ["."]
  pruneopts = "UT"
  revision = "c9a55de4fe06c920a71964b53cfe3dd293a3c743"
  version = "v1.0.0"

[[projects]]
  digest = "1:f14364057165381ea296e49f8870a9ffce2b8a95e34d6ae06c759106aaef428c"
  name = "github.com/hashicorp/go-uuid"
  packages = ["."]
  pruneopts = "UT"
  revision = "4f571afc59f3043a65f8fe6bf46d887b10a01d43"
  version = "v1.0.1"

[[projects]]
  digest = "1:88e0b0baeb9072f0a4afbcf12dda615fc8be001d1802357538591155998da21b"
  name = "github.com/hashicorp/go-version"
  packages = ["."]
  pruneopts = "UT"
  revision = "ac23dc3fea5d1a983c43f6a0f6e2c13f0195d8bd"
  version = "v1.2.0"

[[projects]]
  digest = "1:ea40c24cdbacd054a6ae9de03e62c5f252479b96c716375aace5c120d68647c8"
  name = "github.com/hashicorp/hcl"
  packages = [
    ".",
    "hcl/ast",
    "hcl/parser",
    "hcl/scanner",
    "hcl/strconv",
    "hcl/token",
    "json/parser",
    "json/scanner",
    "json/token",
  ]
  pruneopts = "UT"
  revision = "8cb6e5b959231cc1119e43259c4a608f9c51a241"
  version = "v1.0.0"

[[projects]]
  branch = "master"
  digest = "1:f1c929ab3cf979663a1aac7ab2636165977b03c0a258c3d3fc63e96b2c06e19e"
  name = "github.com/hashicorp/hcl2"
  packages = [
    "ext/dynblock",
    "ext/typeexpr",
    "gohcl",
    "hcl",
    "hcl/hclsyntax",
    "hcl/json",
    "hcldec",
    "hcled",
    "hclparse",
    "hclwrite",
  ]
  pruneopts = "UT"
  revision = "fb75b3253c80b3bc7ca99c4bfa2ad6743841b1af"

[[projects]]
  branch = "master"
  digest = "1:391639adf2951fb9fc72dbbec317f7bc95e7b379a822abe5ea3c140ffeb7a562"
  name = "github.com/hashicorp/hil"
  packages = [
    ".",
    "ast",
    "parser",
    "scanner",
  ]
  pruneopts = "UT"
  revision = "97b3a9cdfa9349086cfad7ea2fe3165bfe3cbf63"

[[projects]]
  digest = "1:16ae35b3a854c667baaf55ff5d455c486f7c2baf040a2727f2ef0e4b096b2a95"
  name = "github.com/hashicorp/logutils"
  packages = ["."]
  pruneopts = "UT"
  revision = "a335183dfd075f638afcc820c90591ca3c97eba6"
  version = "v1.0.0"

[[projects]]
  digest = "1:894807c3e3b172c838df1a04673f2fdebad06f3b43125ebe3fe610318269762e"
  name = "github.com/hashicorp/terraform"
  packages = [
    "addrs",
    "command/format",
    "config",
    "configs",
    "configs/configload",
    "configs/configschema",
    "configs/hcl2shim",
    "dag",
    "flatmap",
    "helper/config",
    "helper/didyoumean",
    "helper/hashcode",
    "helper/hilmapstructure",
    "helper/logging",
    "helper/plugin",
    "helper/resource",
    "helper/schema",
    "httpclient",
    "internal/earlyconfig",
    "internal/initwd",
    "internal/modsdir",
    "internal/tfplugin5",
    "lang",
    "lang/blocktoattr",
    "lang/funcs",
    "moduledeps",
    "plans",
    "plans/objchange",
    "plugin",
    "plugin/convert",
    "plugin/discovery",
    "providers",
    "provisioners",
    "registry",
    "registry/regsrc",
    "registry/response",
    "states",
    "states/statefile",
    "svchost",
    "svchost/auth",
    "svchost/disco",
    "terraform",
    "tfdiags",
    "version",
  ]
  pruneopts = "UT"
  revision = "abec0acf40d8e31ac612a244cf3886fb3bcce0bb"
  version = "v0.12.9"

[[projects]]
  branch = "master"
  digest = "1:edadaf345cfd25b5e3284ed7e602f910e4c617e80dcb2a355e6c8cd9ece51ab9"
  name = "github.com/hashicorp/terraform-config-inspect"
  packages = ["tfconfig"]
  pruneopts = "UT"
  revision = "82a99dc22ef46de5d9e0de955ac453674e912a45"

[[projects]]
  branch = "master"
  digest = "1:c408c83758fa11ecb8db9b486e3045193bc8f5545d19d7bfcc78c791d5257132"
  name = "github.com/hashicorp/yamux"
  packages = ["."]
  pruneopts = "UT"
  revision = "df201c70410deac145ff09e1126f3f8834ead1ec"

[[projects]]
  digest = "1:bb81097a5b62634f3e9fec1014657855610c82d19b9a40c17612e32651e35dca"
  name = "github.com/jmespath/go-jmespath"
  packages = ["."]
  pruneopts = "UT"
  revision = "c2b33e84"

[[projects]]
  digest = "1:076c531484852c227471112d49465873aaad47e5ad6e1aec3a5b092a436117ef"
  name = "github.com/jstemmer/go-junit-report"
  packages = [
    ".",
    "formatter",
    "parser",
  ]
  pruneopts = "UT"
  revision = "cc1f095d5cc5eca2844f5c5ea7bb37f6b9bf6cac"
  version = "v0.9.1"

[[projects]]
  digest = "1:c658e84ad3916da105a761660dcaeb01e63416c8ec7bc62256a9b411a05fcd67"
  name = "github.com/mattn/go-colorable"
  packages = ["."]
  pruneopts = "UT"
  revision = "167de6bfdfba052fa6b2d3664c8f5272e23c9072"
  version = "v0.0.9"

[[projects]]
  digest = "1:d62282425ffb75047679d7e2c3b980eea7f82c05ef5fb9142ee617ebac6e7432"
  name = "github.com/mattn/go-isatty"
  packages = ["."]
  pruneopts = "UT"
  revision = "88ba11cfdc67c7588b30042edf244b2875f892b6"
  version = "v0.0.10"

[[projects]]
  digest = "1:dac0667a3fcdd4102a5da07abeddc89eb2f125b1e91af1ea9544c80eaff19c9a"
  name = "github.com/mitchellh/cli"
  packages = ["."]
  pruneopts = "UT"
  revision = "3d22a244be8aa6fb16ac24af0e195c08b7d973aa"
  version = "v1.0.0"

[[projects]]
  branch = "master"
  digest = "1:f7fe69581040ed4bb2d5444e3b53088f5c458e2e242e0ae44bd90bc3aa019462"
  name = "github.com/mitchellh/colorstring"
  packages = ["."]
  pruneopts = "UT"
  revision = "d06e56a500db4d08c33db0b79461e7c9beafca2d"

[[projects]]
  digest = "1:09ca328575f38b80969ccf857f6d7302f2ce09d53778ea7aaba526cfd2cec739"
  name = "github.com/mitchellh/copystructure"
  packages = ["."]
  pruneopts = "UT"
  revision = "9a1b6f44e8da0e0e374624fb0a825a231b00c537"
  version = "v1.0.0"

[[projects]]
  digest = "1:5d231480e1c64a726869bc4142d270184c419749d34f167646baa21008eb0a79"
  name = "github.com/mitchellh/go-homedir"
  packages = ["."]
  pruneopts = "UT"
  revision = "af06845cf3004701891bf4fdb884bfe4920b3727"
  version = "v1.1.0"

[[projects]]
  digest = "1:42eb1f52b84a06820cedc9baec2e710bfbda3ee6dac6cdb97f8b9a5066134ec6"
  name = "github.com/mitchellh/go-testing-interface"
  packages = ["."]
  pruneopts = "UT"
  revision = "6d0b8010fcc857872e42fc6c931227569016843c"
  version = "v1.0.0"

[[projects]]
  digest = "1:abf08734a6527df70ed361d7c369fb580e6840d8f7a6012e5f609fdfd93b4e48"
  name = "github.com/mitchellh/go-wordwrap"
  packages = ["."]
  pruneopts = "UT"
  revision = "9e67c67572bc5dd02aef930e2b0ae3c02a4b5a5c"
  version = "v1.0.0"

[[projects]]
  digest = "1:61332bb44d05257bbf0356d8400a8b30fe0b9fdc3b72b8b55661da8f0a4f39ae"
  name = "github.com/mitchellh/hashstructure"
  packages = ["."]
  pruneopts = "UT"
  revision = "a38c50148365edc8df43c1580c48fb2b3a1e9cd7"
  version = "v1.0.0"

[[projects]]
  digest = "1:53bc4cd4914cd7cd52139990d5170d6dc99067ae31c56530621b18b35fc30318"
  name = "github.com/mitchellh/mapstructure"
  packages = ["."]
  pruneopts = "UT"
  revision = "3536a929edddb9a5b34bd6861dc4a9647cb459fe"
  version = "v1.1.2"

[[projects]]
  digest = "1:2a7e6f8bebdca6bd8bc359c37f01ae1c4ea4f8481eaabf93b1ae4863f15b72c7"
  name = "github.com/mitchellh/reflectwalk"
  packages = ["."]
  pruneopts = "UT"
  revision = "3e2c75dfad4fbf904b58782a80fd595c760ad185"
  version = "v1.0.1"

[[projects]]
  digest = "1:9ec6cf1df5ad1d55cf41a43b6b1e7e118a91bade4f68ff4303379343e40c0e25"
  name = "github.com/oklog/run"
  packages = ["."]
  pruneopts = "UT"
  revision = "4dadeb3030eda0273a12382bb2348ffc7c9d1a39"
  version = "v1.0.0"

[[projects]]
  digest = "1:57e168c6dfcc02c1c53bdf1589afbef59694d819cac65bfd3a855de2256d4950"
  name = "github.com/posener/complete"
  packages = [
    ".",
    "cmd",
    "cmd/install",
    "match",
  ]
  pruneopts = "UT"
  revision = "3ef9b31a6a0613ae832e7ecf208374027c3b2343"
  version = "v1.2.1"

[[projects]]
  digest = "1:bb495ec276ab82d3dd08504bbc0594a65de8c3b22c6f2aaa92d05b73fbf3a82e"
  name = "github.com/spf13/afero"
  packages = [
    ".",
    "mem",
  ]
  pruneopts = "UT"
  revision = "588a75ec4f32903aa5e39a2619ba6a4631e28424"
  version = "v1.2.2"

[[projects]]
  digest = "1:2643d81498e38e44bdcf480be199cac55f29e97403b0342d962824bfe9960722"
  name = "github.com/ulikunitz/xz"
  packages = [
    ".",
    "internal/hash",
    "internal/xlog",
    "lzma",
  ]
  pruneopts = "UT"
  revision = "6f934d456d51e742b4eeab20d925a827ef22320a"
  version = "v0.5.6"

[[projects]]
  digest = "1:bdbeee77ecd82dc2e9bdc6deab3739fb968d953f8660b5577c74585a119db40c"
  name = "github.com/vmihailenco/msgpack"
  packages = [
    ".",
    "codes",
  ]
  pruneopts = "UT"
  revision = "cd92a145e6d2ce09e792f838dc0b669b680aea29"
  version = "v4.1.1"

[[projects]]
  digest = "1:6ed13021ce04904b5d9fe9e0e442b630f21f09bbcbe31d315c056e9d56dc486c"
  name = "github.com/vmihailenco/tagparser"
  packages = [
    ".",
    "internal",
    "internal/parser",
  ]
  pruneopts = "UT"
  revision = "30ae5c3178272fa372e1e9c17e68f181e0ebe285"
  version = "v0.1.0"

[[projects]]
  digest = "1:bdc499682de63db43dc2fe114105141bee794b9bdff270da8abbd60e8250c03b"
  name = "github.com/zclconf/go-cty"
  packages = [
    "cty",
    "cty/convert",
    "cty/function",
    "cty/function/stdlib",
    "cty/gocty",
    "cty/json",
    "cty/msgpack",
    "cty/set",
  ]
  pruneopts = "UT"
  revision = "01e2a242a65eb6f8ee372ddcea68c111fd4da15e"
  version = "v1.1.0"

[[projects]]
  digest = "1:15fbb37db073777762aa7df4d9109f01de9d9a3fa233f51f5986cada7491562e"
  name = "github.com/zclconf/go-cty-yaml"
  packages = ["."]
  pruneopts = "UT"
  revision = "bc34c981dadb5ed30af852693e3aba8fb6546f42"
  version = "v1.0.1"

[[projects]]
  digest = "1:b984f402fbabb0e9eb0476f0ecfa51d0b2ff11cd0ac03538d6284091033b39ae"
  name = "go.opencensus.io"
  packages = [
    ".",
    "internal",
    "internal/tagencoding",
    "metric/metricdata",
    "metric/metricproducer",
    "plugin/ochttp",
    "plugin/ochttp/propagation/b3",
    "resource",
    "stats",
    "stats/internal",
    "stats/view",
    "tag",
    "trace",
    "trace/internal",
    "trace/propagation",
    "trace/tracestate",
  ]
  pruneopts = "UT"
  revision = "59d1ce35d30f3c25ba762169da2a37eab6ffa041"
  version = "v0.22.1"

[[projects]]
  branch = "master"
  digest = "1:268a8dbbbb2a02be1bdf503f567dd111f13a82837ea000cfad2d83218d0d28d3"
  name = "golang.org/x/crypto"
  packages = [
    "bcrypt",
    "blowfish",
    "cast5",
    "openpgp",
    "openpgp/armor",
    "openpgp/elgamal",
    "openpgp/errors",
    "openpgp/packet",
    "openpgp/s2k",
  ]
  pruneopts = "UT"
  revision = "87dc89f01550277dc22b74ffcf4cd89fa2f40f4c"

[[projects]]
  branch = "master"
  digest = "1:b1444bc98b5838c3116ed23e231fee4fa8509f975abd96e5d9e67e572dd01604"
  name = "golang.org/x/exp"
  packages = [
    "apidiff",
    "cmd/apidiff",
  ]
  pruneopts = "UT"
  revision = "69215a2ee97e88b0d79235b7aae60dc2bfa3d034"

[[projects]]
  branch = "master"
  digest = "1:21d7bad9b7da270fd2d50aba8971a041bd691165c95096a2a4c68db823cbc86a"
  name = "golang.org/x/lint"
  packages = [
    ".",
    "golint",
  ]
  pruneopts = "UT"
  revision = "16217165b5de779cb6a5e4fc81fa9c1166fda457"

[[projects]]
  branch = "master"
  digest = "1:2ce67db9864088dee35dab5967f041d2b4ae1c7440dabb44542c1847933fd872"
  name = "golang.org/x/net"
  packages = [
    "context",
    "context/ctxhttp",
    "http/httpguts",
    "http2",
    "http2/hpack",
    "idna",
    "internal/timeseries",
    "trace",
  ]
  pruneopts = "UT"
  revision = "da9a3fd4c5820e74b24a6cb7fb438dc9b0dd377c"

[[projects]]
  branch = "master"
  digest = "1:31e33f76456ccf54819ab4a646cf01271d1a99d7712ab84bf1a9e7b61cd2031b"
  name = "golang.org/x/oauth2"
  packages = [
    ".",
    "google",
    "internal",
    "jws",
    "jwt",
  ]
  pruneopts = "UT"
  revision = "0f29369cfe4552d0e4bcddc57cc75f4d7e672a33"

[[projects]]
  branch = "master"
  digest = "1:1b4659321ce4f2c003bd052a71087f420a949690fe6b08772709099035c07eaa"
  name = "golang.org/x/sys"
  packages = ["unix"]
  pruneopts = "UT"
  revision = "727590c5006e77ca5247972f47e877f4929fc985"

[[projects]]
  digest = "1:8d8faad6b12a3a4c819a3f9618cb6ee1fa1cfc33253abeeea8b55336721e3405"
  name = "golang.org/x/text"
  packages = [
    "collate",
    "collate/build",
    "internal/colltab",
    "internal/gen",
    "internal/language",
    "internal/language/compact",
    "internal/tag",
    "internal/triegen",
    "internal/ucd",
    "language",
    "secure/bidirule",
    "transform",
    "unicode/bidi",
    "unicode/cldr",
    "unicode/norm",
    "unicode/rangetable",
  ]
  pruneopts = "UT"
  revision = "342b2e1fbaa52c93f31447ad2c6abc048c63e475"
  version = "v0.3.2"

[[projects]]
  branch = "master"
  digest = "1:0c64beaa60c95f06f8dfcbcc221af44621098a2d72dc2b3a6746dac180b192ed"
  name = "golang.org/x/tools"
  packages = [
    "cmd/goimports",
    "go/analysis",
    "go/analysis/passes/inspect",
    "go/ast/astutil",
    "go/ast/inspector",
    "go/buildutil",
    "go/gcexportdata",
    "go/internal/gcimporter",
    "go/internal/packagesdriver",
    "go/packages",
    "go/types/objectpath",
    "go/types/typeutil",
    "internal/fastwalk",
    "internal/gopathwalk",
    "internal/imports",
    "internal/module",
    "internal/semver",
    "internal/span",
  ]
  pruneopts = "UT"
  revision = "341939e0864782443c3a4e68fddcf85ecc482588"

[[projects]]
  digest = "1:2c198c7697dfdca1572813b46d0ec54356c1338f49c6fe71da05b98fa9a803e0"
  name = "google.golang.org/api"
  packages = [
    "googleapi",
    "googleapi/internal/uritemplates",
    "googleapi/transport",
    "internal",
    "internal/gensupport",
    "iterator",
    "option",
    "storage/v1",
    "transport/http",
    "transport/http/internal/propagation",
  ]
  pruneopts = "UT"
  revision = "d7605a20bfcb4659ee2ea347b1f8f5be12b8a5b7"
  version = "v0.11.0"

[[projects]]
  digest = "1:afb4c626a093946a42f2f7b531c46cb2aebc1c4a30243e9499af43342f1c9843"
  name = "google.golang.org/appengine"
  packages = [
    ".",
    "datastore",
    "datastore/internal/cloudkey",
    "datastore/internal/cloudpb",
    "internal",
    "internal/app_identity",
    "internal/base",
    "internal/datastore",
    "internal/log",
    "internal/modules",
    "internal/remote_api",
    "internal/urlfetch",
    "urlfetch",
  ]
  pruneopts = "UT"
  revision = "971852bfffca25b069c31162ae8f247a3dba083b"
  version = "v1.6.5"

[[projects]]
  branch = "master"
  digest = "1:bef0b15c7587f13aed86ea55e067b863837c18d0a2a47410ee85c3c5008686b3"
  name = "google.golang.org/genproto"
  packages = [
    "googleapis/api/annotations",
    "googleapis/iam/v1",
    "googleapis/rpc/code",
    "googleapis/rpc/status",
    "googleapis/type/expr",
  ]
  pruneopts = "UT"
  revision = "548a555dbc03994223efbaba0090152849259498"

[[projects]]
  digest = "1:0526134e7e833f7350b3d896b8b4b0dc52b1ec9ed76ea0f27fc25c57be7c01a7"
  name = "google.golang.org/grpc"
  packages = [
    ".",
    "balancer",
    "balancer/base",
    "balancer/roundrobin",
    "binarylog/grpc_binarylog_v1",
    "codes",
    "connectivity",
    "credentials",
    "credentials/internal",
    "encoding",
    "encoding/proto",
    "grpclog",
    "health",
    "health/grpc_health_v1",
    "internal",
    "internal/backoff",
    "internal/balancerload",
    "internal/binarylog",
    "internal/channelz",
    "internal/envconfig",
    "internal/grpcrand",
    "internal/grpcsync",
    "internal/syscall",
    "internal/transport",
    "keepalive",
    "metadata",
    "naming",
    "peer",
    "resolver",
    "resolver/dns",
    "resolver/passthrough",
    "serviceconfig",
    "stats",
    "status",
    "tap",
    "test/bufconn",
  ]
  pruneopts = "UT"
  revision = "f6d0f9ee430895e87ef1ceb5ac8f39725bafceef"
  version = "v1.24.0"

[[projects]]
  digest = "1:131158a88aad1f94854d0aa21a64af2802d0a470fb0f01cb33c04fafd2047111"
  name = "honnef.co/go/tools"
  packages = [
    "arg",
    "cmd/staticcheck",
    "config",
    "deprecated",
    "facts",
    "functions",
    "go/types/typeutil",
    "internal/cache",
    "internal/passes/buildssa",
    "internal/renameio",
    "internal/sharedcheck",
    "lint",
    "lint/lintdsl",
    "lint/lintutil",
    "lint/lintutil/format",
    "loader",
    "printf",
    "simple",
    "ssa",
    "ssautil",
    "staticcheck",
    "staticcheck/vrp",
    "stylecheck",
    "unused",
    "version",
  ]
  pruneopts = "UT"
  revision = "afd67930eec2a9ed3e9b19f684d17a062285f16a"
  version = "2019.2.3"

[solve-meta]
  analyzer-name = "dep"
  analyzer-version = 1
  input-imports = [
    "github.com/Cox-Automotive/alks-go",
    "github.com/aws/aws-sdk-go/aws",
    "github.com/aws/aws-sdk-go/aws/credentials",
    "github.com/aws/aws-sdk-go/aws/credentials/ec2rolecreds",
    "github.com/aws/aws-sdk-go/aws/credentials/stscreds",
    "github.com/aws/aws-sdk-go/aws/defaults",
    "github.com/aws/aws-sdk-go/aws/ec2metadata",
    "github.com/aws/aws-sdk-go/aws/session",
    "github.com/aws/aws-sdk-go/service/sts",
    "github.com/hashicorp/go-cleanhttp",
    "github.com/hashicorp/terraform/helper/resource",
    "github.com/hashicorp/terraform/helper/schema",
    "github.com/hashicorp/terraform/plugin",
    "github.com/hashicorp/terraform/terraform",
    "github.com/mitchellh/go-homedir",
  ]
  solver-name = "gps-cdcl"
  solver-version = 1
